
Microsoft Visual Studio Solution File, Format Version 12.00
# Visual Studio 14
VisualStudioVersion = 14.0.23107.0
MinimumVisualStudioVersion = 10.0.40219.1
Project("{FAE04EC0-301F-11D3-BF4B-00C04F79EFBC}") = "DllClasses", "DllClasses\DllClasses.csproj", "{6BF37612-FF44-4EB6-93B6-BA15D77D0DD2}"
EndProject
Project("{FAE04EC0-301F-11D3-BF4B-00C04F79EFBC}") = "PPDotNet", "PPDotNet\PPDotNet.csproj", "{635E30A6-4071-4DEC-9577-A0EBF4C0A34D}"
EndProject
Global
	GlobalSection(SolutionConfigurationPlatforms) = preSolution
		CD_ROM|Any CPU = CD_ROM|Any CPU
		Debug|Any CPU = Debug|Any CPU
		DVD-5|Any CPU = DVD-5|Any CPU
		Release|Any CPU = Release|Any CPU
		SingleImage|Any CPU = SingleImage|Any CPU
	EndGlobalSection
	GlobalSection(ProjectConfigurationPlatforms) = postSolution
		{6BF37612-FF44-4EB6-93B6-BA15D77D0DD2}.CD_ROM|Any CPU.ActiveCfg = Release|Any CPU
		{6BF37612-FF44-4EB6-93B6-BA15D77D0DD2}.CD_ROM|Any CPU.Build.0 = Release|Any CPU
		{6BF37612-FF44-4EB6-93B6-BA15D77D0DD2}.Debug|Any CPU.ActiveCfg = Debug|Any CPU
		{6BF37612-FF44-4EB6-93B6-BA15D77D0DD2}.Debug|Any CPU.Build.0 = Debug|Any CPU
		{6BF37612-FF44-4EB6-93B6-BA15D77D0DD2}.DVD-5|Any CPU.ActiveCfg = Debug|Any CPU
		{6BF37612-FF44-4EB6-93B6-BA15D77D0DD2}.DVD-5|Any CPU.Build.0 = Debug|Any CPU
		{6BF37612-FF44-4EB6-93B6-BA15D77D0DD2}.Release|Any CPU.ActiveCfg = Release|Any CPU
		{6BF37612-FF44-4EB6-93B6-BA15D77D0DD2}.Release|Any CPU.Build.0 = Release|Any CPU
		{6BF37612-FF44-4EB6-93B6-BA15D77D0DD2}.SingleImage|Any CPU.ActiveCfg = Release|Any CPU
		{6BF37612-FF44-4EB6-93B6-BA15D77D0DD2}.SingleImage|Any CPU.Build.0 = Release|Any CPU
		{635E30A6-4071-4DEC-9577-A0EBF4C0A34D}.CD_ROM|Any CPU.ActiveCfg = Release|Any CPU
		{635E30A6-4071-4DEC-9577-A0EBF4C0A34D}.CD_ROM|Any CPU.Build.0 = Release|Any CPU
		{635E30A6-4071-4DEC-9577-A0EBF4C0A34D}.Debug|Any CPU.ActiveCfg = Debug|Any CPU
		{635E30A6-4071-4DEC-9577-A0EBF4C0A34D}.Debug|Any CPU.Build.0 = Debug|Any CPU
		{635E30A6-4071-4DEC-9577-A0EBF4C0A34D}.DVD-5|Any CPU.ActiveCfg = Debug|Any CPU
		{635E30A6-4071-4DEC-9577-A0EBF4C0A34D}.DVD-5|Any CPU.Build.0 = Debug|Any CPU
		{635E30A6-4071-4DEC-9577-A0EBF4C0A34D}.Release|Any CPU.ActiveCfg = Release|Any CPU
		{635E30A6-4071-4DEC-9577-A0EBF4C0A34D}.Release|Any CPU.Build.0 = Release|Any CPU
		{635E30A6-4071-4DEC-9577-A0EBF4C0A34D}.SingleImage|Any CPU.ActiveCfg = Release|Any CPU
		{635E30A6-4071-4DEC-9577-A0EBF4C0A34D}.SingleImage|Any CPU.Build.0 = Release|Any CPU
	EndGlobalSection
	GlobalSection(SolutionProperties) = preSolution
		HideSolutionNode = FALSE
	EndGlobalSection
EndGlobal
